
Microsoft Visual Studio Solution File, Format Version 12.00
# Visual Studio Version 17
VisualStudioVersion = 17.3.32929.385
MinimumVisualStudioVersion = 10.0.40219.1
Project("{9A19103F-16F7-4668-BE54-9A1E7A4F7556}") = "Cars.API", "Cars.API\Cars.API.csproj", "{7B75ECA8-F19F-42E1-BF4A-E74963B6128F}"
EndProject
Project("{9A19103F-16F7-4668-BE54-9A1E7A4F7556}") = "Cars.DAL", "Cars.DAL\Cars.DAL.csproj", "{6EC9C0D6-9E3B-4001-9E84-9BEC01ADC213}"
EndProject
Project("{FAE04EC0-301F-11D3-BF4B-00C04F79EFBC}") = "Cars.BLL", "Cars.BLL\Cars.BLL.csproj", "{A8EDC450-8F6B-4146-B166-415C1190CCAB}"
EndProject
Global
	GlobalSection(SolutionConfigurationPlatforms) = preSolution
		Debug|Any CPU = Debug|Any CPU
		Release|Any CPU = Release|Any CPU
	EndGlobalSection
	GlobalSection(ProjectConfigurationPlatforms) = postSolution
		{7B75ECA8-F19F-42E1-BF4A-E74963B6128F}.Debug|Any CPU.ActiveCfg = Debug|Any CPU
		{7B75ECA8-F19F-42E1-BF4A-E74963B6128F}.Debug|Any CPU.Build.0 = Debug|Any CPU
		{7B75ECA8-F19F-42E1-BF4A-E74963B6128F}.Release|Any CPU.ActiveCfg = Release|Any CPU
		{7B75ECA8-F19F-42E1-BF4A-E74963B6128F}.Release|Any CPU.Build.0 = Release|Any CPU
		{6EC9C0D6-9E3B-4001-9E84-9BEC01ADC213}.Debug|Any CPU.ActiveCfg = Debug|Any CPU
		{6EC9C0D6-9E3B-4001-9E84-9BEC01ADC213}.Debug|Any CPU.Build.0 = Debug|Any CPU
		{6EC9C0D6-9E3B-4001-9E84-9BEC01ADC213}.Release|Any CPU.ActiveCfg = Release|Any CPU
		{6EC9C0D6-9E3B-4001-9E84-9BEC01ADC213}.Release|Any CPU.Build.0 = Release|Any CPU
		{A8EDC450-8F6B-4146-B166-415C1190CCAB}.Debug|Any CPU.ActiveCfg = Debug|Any CPU
		{A8EDC450-8F6B-4146-B166-415C1190CCAB}.Debug|Any CPU.Build.0 = Debug|Any CPU
		{A8EDC450-8F6B-4146-B166-415C1190CCAB}.Release|Any CPU.ActiveCfg = Release|Any CPU
		{A8EDC450-8F6B-4146-B166-415C1190CCAB}.Release|Any CPU.Build.0 = Release|Any CPU
	EndGlobalSection
	GlobalSection(SolutionProperties) = preSolution
		HideSolutionNode = FALSE
	EndGlobalSection
	GlobalSection(ExtensibilityGlobals) = postSolution
		SolutionGuid = {51766175-9515-412E-98A6-DE85F5C31D81}
	EndGlobalSection
EndGlobal
